<?xml version="1.0" encoding="UTF-8" standalone="yes" ?>
<CodeBlocks_project_file>
	<FileVersion major="1" minor="6" />
	<Project>
		<Option title="EagleTest" />
		<Option pch_mode="2" />
		<Option compiler="gcc" />
		<Build>
			<Target title="Debug">
				<Option output="cbbuild/bin/EagleTestDebug" prefix_auto="1" extension_auto="1" />
				<Option working_dir="cbbuild/bin" />
				<Option object_output="cbbuild/obj/Dynamic/Debug/" />
				<Option type="1" />
				<Option compiler="gcc" />
				<Compiler>
					<Add option="-g" />
					<Add option="-DDEBUG" />
					<Add option="-DEAGLE_ASSERT_EXCEPTION" />
				</Compiler>
				<Linker>
					<Add option="-leagle_a5_debug.dll" />
					<Add option="-leagle_debug.dll" />
					<Add option="-lallegro_monolith-debug.dll" />
				</Linker>
			</Target>
			<Target title="Release">
				<Option output="cbbuild/bin/EagleTest" prefix_auto="1" extension_auto="1" />
				<Option working_dir="cbbuild/bin" />
				<Option object_output="cbbuild/obj/Dynamic/Release/" />
				<Option type="1" />
				<Option compiler="gcc" />
				<Compiler>
					<Add option="-O2" />
				</Compiler>
				<Linker>
					<Add option="-s" />
					<Add option="-leagle_a5.dll" />
					<Add option="-leagle.dll" />
					<Add option="-lallegro_monolith.dll" />
				</Linker>
			</Target>
			<Target title="DebugStatic">
				<Option output="cbbuild/bin/EagleTestDebugStatic" prefix_auto="1" extension_auto="1" />
				<Option working_dir="cbbuild/bin" />
				<Option object_output="cbbuild/obj/Static/Debug/" />
				<Option type="1" />
				<Option compiler="gcc" />
				<Compiler>
					<Add option="-g" />
					<Add option="-DDEBUG" />
					<Add option="-DEAGLE_ASSERT_EXCEPTION" />
				</Compiler>
				<Linker>
					<Add option="-static-libstdc++" />
					<Add option="-static-libgcc" />
					<Add option="-static" />
					<Add option="-leagle_a5_debug-static" />
					<Add option="-leagle_debug-static" />
					<Add option="-lallegro_monolith-debug-static" />
					<Add option="-ljpeg" />
					<Add option="-ldumb" />
					<Add option="-lFLAC" />
					<Add option="-ltheora" />
					<Add option="-lvorbisfile" />
					<Add option="-lvorbis" />
					<Add option="-logg" />
					<Add option="-lphysfs" />
					<Add option="-lfreetype" />
					<Add option="-lpng16" />
					<Add option="-lzlibstatic" />
					<Add option="-ldsound" />
					<Add option="-lgdiplus" />
					<Add option="-luuid" />
					<Add option="-lkernel32" />
					<Add option="-lwinmm" />
					<Add option="-lpsapi" />
					<Add option="-lopengl32" />
					<Add option="-lglu32" />
					<Add option="-luser32" />
					<Add option="-lcomdlg32" />
					<Add option="-lgdi32" />
					<Add option="-lshell32" />
					<Add option="-lole32" />
					<Add option="-ladvapi32" />
					<Add option="-lws2_32" />
					<Add option="-lshlwapi" />
				</Linker>
			</Target>
			<Target title="ReleaseStatic">
				<Option output="cbbuild/bin/EagleTestStatic" prefix_auto="1" extension_auto="1" />
				<Option working_dir="cbbuild/bin" />
				<Option object_output="cbbuild/obj/Static/Release/" />
				<Option type="1" />
				<Option compiler="gcc" />
				<Compiler>
					<Add option="-O2" />
				</Compiler>
				<Linker>
					<Add option="-s" />
					<Add option="-leagle_a5-static" />
					<Add option="-leagle-static" />
					<Add option="-lallegro_monolith-static" />
					<Add option="-static" />
					<Add option="-ljpeg" />
					<Add option="-ldumb" />
					<Add option="-lFLAC" />
					<Add option="-ltheora" />
					<Add option="-lvorbisfile" />
					<Add option="-lvorbis" />
					<Add option="-logg" />
					<Add option="-lphysfs" />
					<Add option="-lfreetype" />
					<Add option="-lpng16" />
					<Add option="-lzlibstatic" />
					<Add option="-ldsound" />
					<Add option="-lgdiplus" />
					<Add option="-luuid" />
					<Add option="-lkernel32" />
					<Add option="-lwinmm" />
					<Add option="-lpsapi" />
					<Add option="-lopengl32" />
					<Add option="-lglu32" />
					<Add option="-luser32" />
					<Add option="-lcomdlg32" />
					<Add option="-lgdi32" />
					<Add option="-lshell32" />
					<Add option="-lole32" />
					<Add option="-ladvapi32" />
					<Add option="-lws2_32" />
					<Add option="-lshlwapi" />
					<Add option="-static-libstdc++" />
					<Add option="-static-libgcc" />
				</Linker>
			</Target>
		</Build>
		<Compiler>
			<Add option="-Wshadow" />
			<Add option="-Wextra" />
			<Add option="-Wall" />
			<Add option="-std=c++11" />
			<Add directory="include" />
			<Add directory="Allegro5/include" />
		</Compiler>
		<Linker>
			<Add directory="cbbuild/lib" />
			<Add directory="Allegro5/lib" />
		</Linker>
		<Unit filename="EagleTest/EagleTestMain.cpp" />
		<Extensions>
			<code_completion />
			<debugger />
			<envvars />
		</Extensions>
	</Project>
</CodeBlocks_project_file>
