<?xml version="1.0" encoding="UTF-8" standalone="yes" ?>
<CodeBlocks_project_file>
	<FileVersion major="1" minor="6" />
	<Project>
		<Option title="Eagle5" />
		<Option pch_mode="2" />
		<Option compiler="gcc" />
		<Build>
			<Target title="Debug">
				<Option output="cbbuild/bin/EagleDebug" imp_lib="cbbuild/lib/libEagleDebug.dll.a" def_file="$(TARGET_OUTPUT_DIR)$(TARGET_OUTPUT_BASENAME)" prefix_auto="1" extension_auto="1" />
				<Option object_output="cbbuild/obj/Dynamic/Debug" />
				<Option type="3" />
				<Option compiler="gcc" />
				<Option createDefFile="1" />
				<Option createStaticLib="1" />
				<Compiler>
					<Add option="-O0" />
					<Add option="-ggdb3" />
					<Add option="-DDEBUG" />
					<Add option="-DEAGLE_LOG" />
					<Add option="-DEAGLE_ASSERT_EXCEPTION" />
					<Add option="-DEAGLE_DEBUG_MUTEX_LOCKS" />
				</Compiler>
			</Target>
			<Target title="Release">
				<Option output="cbbuild/bin/Eagle" imp_lib="cbbuild/lib/libEagle.dll.a" def_file="$(TARGET_OUTPUT_DIR)$(TARGET_OUTPUT_BASENAME)" prefix_auto="1" extension_auto="1" />
				<Option object_output="cbbuild/obj/Dynamic/Release" />
				<Option type="3" />
				<Option compiler="gcc" />
				<Option createDefFile="1" />
				<Option createStaticLib="1" />
				<Compiler>
					<Add option="-O2" />
				</Compiler>
			</Target>
			<Target title="Profile">
				<Option output="cbbuild/bin/EagleProfile" imp_lib="cbbuild/lib/libEagleProfile.dll.a" def_file="$(TARGET_OUTPUT_DIR)$(TARGET_OUTPUT_BASENAME)" prefix_auto="1" extension_auto="1" />
				<Option object_output="cbbuild/obj/Dynamic/Profiling" />
				<Option type="3" />
				<Option compiler="gcc" />
				<Option createDefFile="1" />
				<Option createStaticLib="1" />
				<Compiler>
					<Add option="-O2" />
					<Add option="-pg" />
				</Compiler>
				<Linker>
					<Add option="-pg -lgmon" />
				</Linker>
			</Target>
			<Target title="StaticDebug">
				<Option output="cbbuild/lib/EagleDebugStatic" prefix_auto="1" extension_auto="1" />
				<Option working_dir="" />
				<Option object_output="cbbuild/obj/Static/Debug" />
				<Option type="2" />
				<Option compiler="gcc" />
				<Option createDefFile="1" />
				<Compiler>
					<Add option="-O0" />
					<Add option="-ggdb3" />
					<Add option="-DDEBUG" />
					<Add option="-DEAGLE_LOG" />
					<Add option="-DEAGLE_ASSERT_EXCEPTION" />
					<Add option="-DEAGLE_DEBUG_MUTEX_LOCKS" />
				</Compiler>
			</Target>
			<Target title="StaticRelease">
				<Option output="cbbuild/lib/EagleStatic" prefix_auto="1" extension_auto="1" />
				<Option working_dir="" />
				<Option object_output="cbbuild/obj/Static/Release" />
				<Option type="2" />
				<Option compiler="gcc" />
				<Option createDefFile="1" />
				<Compiler>
					<Add option="-O2" />
					<Add option="-DLOG" />
				</Compiler>
			</Target>
			<Target title="StaticProfile">
				<Option output="cbbuild/lib/EagleProfileStatic" prefix_auto="1" extension_auto="1" />
				<Option working_dir="" />
				<Option object_output="cbbuild/obj/Static/Profiling" />
				<Option type="2" />
				<Option compiler="gcc" />
				<Option createDefFile="1" />
				<Option projectCompilerOptionsRelation="0" />
				<Compiler>
					<Add option="-O2" />
					<Add option="-pg" />
				</Compiler>
				<Linker>
					<Add option="-pg -lgmon" />
				</Linker>
			</Target>
		</Build>
		<VirtualTargets>
			<Add alias="All" targets="Debug;Release;Profile;StaticDebug;StaticRelease;StaticProfile;" />
			<Add alias="AllDynamic" targets="Debug;Release;Profile;" />
			<Add alias="AllStatic" targets="StaticDebug;StaticRelease;StaticProfile;" />
		</VirtualTargets>
		<Compiler>
			<Add option="-Wnon-virtual-dtor" />
			<Add option="-Wshadow" />
			<Add option="-Wcast-align" />
			<Add option="-Wall" />
			<Add option="-std=c++11" />
			<Add option="-Wno-div-by-zero" />
			<Add option="-Werror=narrowing" />
			<Add option="-Wformat" />
			<Add option="-DNOGDI" />
			<Add directory="include" />
		</Compiler>
		<Unit filename="CMakeLists.txt" />
		<Unit filename="src/Eagle/AVHandler.cpp" />
		<Unit filename="src/Eagle/AnimationBase.cpp" />
		<Unit filename="src/Eagle/Area.cpp" />
		<Unit filename="src/Eagle/CMakeLists.txt" />
		<Unit filename="src/Eagle/CXX11Mutexes.cpp" />
		<Unit filename="src/Eagle/Callbacks.cpp" />
		<Unit filename="src/Eagle/Clipboard.cpp" />
		<Unit filename="src/Eagle/Color.cpp" />
		<Unit filename="src/Eagle/Conditions.cpp" />
		<Unit filename="src/Eagle/ConfigFile.cpp" />
		<Unit filename="src/Eagle/Events.cpp" />
		<Unit filename="src/Eagle/Exception.cpp" />
		<Unit filename="src/Eagle/File.cpp" />
		<Unit filename="src/Eagle/FileSystem.cpp" />
		<Unit filename="src/Eagle/FileWork.cpp" />
		<Unit filename="src/Eagle/Font.cpp" />
		<Unit filename="src/Eagle/GraphicsContext.cpp" />
		<Unit filename="src/Eagle/Gui/Alignment.cpp" />
		<Unit filename="src/Eagle/Gui/BasicIcon.cpp" />
		<Unit filename="src/Eagle/Gui/Button/BasicButton.cpp" />
		<Unit filename="src/Eagle/Gui/Button/CheckBox.cpp" />
		<Unit filename="src/Eagle/Gui/Button/GuiButton.cpp" />
		<Unit filename="src/Eagle/Gui/Button/IconButton.cpp" />
		<Unit filename="src/Eagle/Gui/Button/RadioGroup.cpp" />
		<Unit filename="src/Eagle/Gui/Button/ScrollButton.cpp" />
		<Unit filename="src/Eagle/Gui/Button/TextButton.cpp" />
		<Unit filename="src/Eagle/Gui/Button/TextIconButton.cpp" />
		<Unit filename="src/Eagle/Gui/Camera.cpp" />
		<Unit filename="src/Eagle/Gui/Decorator/Decorator.cpp" />
		<Unit filename="src/Eagle/Gui/Decorator/TextDecorator.cpp" />
		<Unit filename="src/Eagle/Gui/Factory/WidgetCreators.cpp" />
		<Unit filename="src/Eagle/Gui/Factory/WidgetFactory.cpp" />
		<Unit filename="src/Eagle/Gui/Layout/DumbLayout.cpp" />
		<Unit filename="src/Eagle/Gui/Layout/FillLayout.cpp" />
		<Unit filename="src/Eagle/Gui/Layout/FlowLayout.cpp" />
		<Unit filename="src/Eagle/Gui/Layout/GridLayout.cpp" />
		<Unit filename="src/Eagle/Gui/Layout/Layout.cpp" />
		<Unit filename="src/Eagle/Gui/Layout/LayoutRectangle.cpp" />
		<Unit filename="src/Eagle/Gui/Layout/MenuLayout.cpp" />
		<Unit filename="src/Eagle/Gui/Layout/PinLayout.cpp" />
		<Unit filename="src/Eagle/Gui/Layout/RelativeLayout.cpp" />
		<Unit filename="src/Eagle/Gui/Layout/ScrollArea.cpp" />
		<Unit filename="src/Eagle/Gui/Layout/SplitterLayouts.cpp" />
		<Unit filename="src/Eagle/Gui/Layout/StickyLayout.cpp" />
		<Unit filename="src/Eagle/Gui/Layout/TableLayout.cpp" />
		<Unit filename="src/Eagle/Gui/Menu.cpp" />
		<Unit filename="src/Eagle/Gui/PopupWindow.cpp" />
		<Unit filename="src/Eagle/Gui/Scripting/GuiScript.cpp" />
		<Unit filename="src/Eagle/Gui/Scripting/Parsing.cpp" />
		<Unit filename="src/Eagle/Gui/ScrollBar.cpp" />
		<Unit filename="src/Eagle/Gui/ScrollView.cpp" />
		<Unit filename="src/Eagle/Gui/Scroller.cpp" />
		<Unit filename="src/Eagle/Gui/Slider.cpp" />
		<Unit filename="src/Eagle/Gui/Text/BasicText.cpp" />
		<Unit filename="src/Eagle/Gui/Text/GlobalText.cpp" />
		<Unit filename="src/Eagle/Gui/Text/LinkText.cpp" />
		<Unit filename="src/Eagle/Gui/Text/SelectText.cpp" />
		<Unit filename="src/Eagle/Gui/WidgetArea.cpp" />
		<Unit filename="src/Eagle/Gui/WidgetAttributes.cpp" />
		<Unit filename="src/Eagle/Gui/WidgetBase.cpp" />
		<Unit filename="src/Eagle/Gui/WidgetColorset.cpp" />
		<Unit filename="src/Eagle/Gui/WidgetContainer.cpp" />
		<Unit filename="src/Eagle/Gui/WidgetDrawingFuncs.cpp" />
		<Unit filename="src/Eagle/Gui/WidgetFlags.cpp" />
		<Unit filename="src/Eagle/Gui/WidgetHandler.cpp" />
		<Unit filename="src/Eagle/Gui/WidgetMessage.cpp" />
		<Unit filename="src/Eagle/Gui/WidgetMover.cpp" />
		<Unit filename="src/Eagle/Gui/WidgetPainters.cpp" />
		<Unit filename="src/Eagle/Image.cpp" />
		<Unit filename="src/Eagle/Indenter.cpp" />
		<Unit filename="src/Eagle/InputHandler.cpp" />
		<Unit filename="src/Eagle/Lib.cpp" />
		<Unit filename="src/Eagle/LineEquations.cpp" />
		<Unit filename="src/Eagle/Logging.cpp" />
		<Unit filename="src/Eagle/Media.cpp" />
		<Unit filename="src/Eagle/MemFile.cpp" />
		<Unit filename="src/Eagle/Memory.cpp" />
		<Unit filename="src/Eagle/MousePointer.cpp" />
		<Unit filename="src/Eagle/Mutexes.cpp" />
		<Unit filename="src/Eagle/NamedParameters.cpp" />
		<Unit filename="src/Eagle/NinePatch.cpp" />
		<Unit filename="src/Eagle/NinePatchPainters.cpp" />
		<Unit filename="src/Eagle/Object.cpp" />
		<Unit filename="src/Eagle/ObjectInfo.cpp" />
		<Unit filename="src/Eagle/ObjectRegistry.cpp" />
		<Unit filename="src/Eagle/Platform.cpp" />
		<Unit filename="src/Eagle/Position.cpp" />
		<Unit filename="src/Eagle/Random.cpp" />
		<Unit filename="src/Eagle/ResourceLib.cpp" />
		<Unit filename="src/Eagle/Resources.cpp" />
		<Unit filename="src/Eagle/Sound.cpp" />
		<Unit filename="src/Eagle/StringWork.cpp" />
		<Unit filename="src/Eagle/System.cpp" />
		<Unit filename="src/Eagle/Threads.cpp" />
		<Unit filename="src/Eagle/Time.cpp" />
		<Unit filename="src/Eagle/Timer.cpp" />
		<Unit filename="src/Eagle/Transforms.cpp" />
		<Unit filename="src/Eagle/WindowManager.cpp" />
		<Extensions>
			<code_completion />
			<debugger />
			<envvars />
			<DoxyBlocks>
				<comment_style block="0" line="0" />
				<doxyfile_project />
				<doxyfile_build />
				<doxyfile_warnings />
				<doxyfile_output />
				<doxyfile_dot />
				<general />
			</DoxyBlocks>
			<fortran_project />
		</Extensions>
	</Project>
</CodeBlocks_project_file>
