<?xml version="1.0" encoding="UTF-8" standalone="yes" ?>
<CodeBlocks_project_file>
	<FileVersion major="1" minor="6" />
	<Project>
		<Option title="LinuxTest" />
		<Option pch_mode="2" />
		<Option compiler="gcc" />
		<Build>
			<Target title="Debug">
				<Option output="cbbuild/bin/LinuxTestDebug" prefix_auto="1" extension_auto="1" />
				<Option object_output="cbbuild/obj/Debug" />
				<Option type="1" />
				<Option compiler="gcc" />
				<Compiler>
					<Add option="-g" />
				</Compiler>
				<Linker>
					<Add option="-leagle_debug" />
					<Add option="-leagle_a5_debug" />
					<Add option="`pkg-config --libs allegro_monolith-debug-5`" />
				</Linker>
			</Target>
			<Target title="Release">
				<Option output="cbbuild/bin/LinuxTest" prefix_auto="1" extension_auto="1" />
				<Option object_output="cbbuild/obj/Release/" />
				<Option type="1" />
				<Option compiler="gcc" />
				<Compiler>
					<Add option="-O2" />
				</Compiler>
				<Linker>
					<Add option="-s" />
					<Add option="-leagle" />
					<Add option="-leagle_a5" />
					<Add option="`pkg-config --libs allegro_monolith-5`" />
				</Linker>
			</Target>
		</Build>
		<Compiler>
			<Add option="-Wextra" />
			<Add option="-Wall" />
			<Add option="-std=c++11" />
			<Add option="`pkg-config --cflags allegro_monolith-5`" />
			<Add directory="include" />
		</Compiler>
		<Linker>
			<Add directory="cbbuild/bin" />
		</Linker>
		<Unit filename="Test.cpp" />
		<Extensions>
			<code_completion />
			<envvars />
			<debugger />
		</Extensions>
	</Project>
</CodeBlocks_project_file>
