<?xml version="1.0" encoding="UTF-8" standalone="yes" ?>
<CodeBlocks_project_file>
	<FileVersion major="1" minor="6" />
	<Project>
		<Option title="MenuTest" />
		<Option execution_dir="E:/usr/projects/TINS2020/examples/" />
		<Option pch_mode="2" />
		<Option compiler="gcc" />
		<Build>
			<Target title="Debug">
				<Option output="E:/usr64/bin/MenuTestD" prefix_auto="1" extension_auto="1" />
				<Option object_output="obj/Debug/" />
				<Option type="1" />
				<Option compiler="gcc" />
				<Compiler>
					<Add option="-g" />
				</Compiler>
				<Linker>
					<Add option="-lallegro_monolith-debug.dll" />
				</Linker>
			</Target>
			<Target title="Release">
				<Option output="E:/usr64/bin/MenuTest" prefix_auto="1" extension_auto="1" />
				<Option object_output="obj/Release/" />
				<Option type="1" />
				<Option compiler="gcc" />
				<Compiler>
					<Add option="-O2" />
				</Compiler>
				<Linker>
					<Add option="-static" />
					<Add option="-lallegro_monolith-static" />
					<Add option="-ljpeg" />
					<Add option="-ldumb" />
					<Add option="-lwebp" />
					<Add option="-lFLAC" />
					<Add option="-ltheora" />
					<Add option="-lvorbisfile" />
					<Add option="-lvorbis" />
					<Add option="-logg" />
					<Add option="-lphysfs" />
					<Add option="-lfreetype" />
					<Add option="-lpng16" />
					<Add option="-lzlibstatic" />
					<Add option="-ldsound" />
					<Add option="-lgdiplus" />
					<Add option="-luuid" />
					<Add option="-lkernel32" />
					<Add option="-lwinmm" />
					<Add option="-lpsapi" />
					<Add option="-lopengl32" />
					<Add option="-lglu32" />
					<Add option="-luser32" />
					<Add option="-lcomdlg32" />
					<Add option="-lgdi32" />
					<Add option="-lshell32" />
					<Add option="-lole32" />
					<Add option="-ladvapi32" />
					<Add option="-lws2_32" />
					<Add option="-lshlwapi" />
					<Add option="-lpthread" />
					<Add option="-static-libstdc++" />
					<Add option="-static-libgcc" />
					<Add option="-s" />
				</Linker>
			</Target>
		</Build>
		<Compiler>
			<Add option="-Wall" />
			<Add option="-DDEBUG" />
			<Add option="-DEAGLE_DEBUG_MUTEX_LOCKS" />
			<Add option="-DEAGLE_LOG" />
			<Add directory="E:/LIBS64/LIBS112Distro/Allegro5271GIT/include" />
			<Add directory="E:/usr/include" />
		</Compiler>
		<Linker>
			<Add directory="E:/LIBS64/LIBS112Distro/Allegro5271GIT/lib" />
			<Add directory="E:/usr/lib" />
		</Linker>
		<Unit filename="MenuTest.cpp" />
		<Extensions>
			<lib_finder disable_auto="1" />
		</Extensions>
	</Project>
</CodeBlocks_project_file>
