<?xml version="1.0" encoding="UTF-8" standalone="yes" ?>
<CodeBlocks_project_file>
	<FileVersion major="1" minor="6" />
	<Project>
		<Option title="Krampus2025" />
		<Option pch_mode="2" />
		<Option compiler="gcc" />
		<Build>
			<Target title="Debug">
				<Option output="c:/usr64/bin/Krampus25" prefix_auto="1" extension_auto="1" />
				<Option working_dir="c:/usr64/bin" />
				<Option object_output="cbbuild/obj/Dynamic/Debug/" />
				<Option type="1" />
				<Option compiler="gcc" />
				<Compiler>
					<Add option="-g" />
					<Add option="-DDEBUG" />
					<Add option="-DEAGLE_ASSERT_EXCEPTION" />
				</Compiler>
				<Linker>
					<Add option="-lEagleA5DebugShared.dll" />
					<Add option="-lEagleDebugShared.dll" />
					<Add option="-lallegro_monolith-debug.dll" />
				</Linker>
			</Target>
			<Target title="Release">
				<Option output="cbbuild/bin/Eagle" prefix_auto="1" extension_auto="1" />
				<Option working_dir="cbbuild/bin" />
				<Option object_output="cbbuild/obj/Dynamic/Release/" />
				<Option type="1" />
				<Option compiler="gcc" />
				<Compiler>
					<Add option="-O2" />
				</Compiler>
				<Linker>
					<Add option="-s" />
					<Add option="-lEagleA5Shared.dll" />
					<Add option="-lEagleShared.dll" />
					<Add option="-lallegro_monolith.dll" />
				</Linker>
			</Target>
			<Target title="DebugStatic">
				<Option output="cbbuild/bin/EagleDebugStatic" prefix_auto="1" extension_auto="1" />
				<Option working_dir="cbbuild/bin" />
				<Option object_output="cbbuild/obj/Static/Debug/" />
				<Option type="1" />
				<Option compiler="gcc" />
				<Compiler>
					<Add option="-g" />
					<Add option="-DDEBUG" />
					<Add option="-DEAGLE_ASSERT_EXCEPTION" />
				</Compiler>
				<Linker>
					<Add option="-static-libstdc++" />
					<Add option="-static-libgcc" />
					<Add option="-static" />
					<Add option="-lEagleA5StaticDebug" />
					<Add option="-lEagleStaticDebug" />
					<Add option="-lallegro_monolith-debug-static" />
					<Add option="-ljpeg" />
					<Add option="-ldumb" />
					<Add option="-lwebp" />
					<Add option="-lFLAC" />
					<Add option="-ltheora" />
					<Add option="-lvorbisfile" />
					<Add option="-lvorbis" />
					<Add option="-logg" />
					<Add option="-lphysfs" />
					<Add option="-lfreetype" />
					<Add option="-lpng16" />
					<Add option="-lzlibstatic" />
					<Add option="-ldsound" />
					<Add option="-lgdiplus" />
					<Add option="-luuid" />
					<Add option="-lkernel32" />
					<Add option="-lwinmm" />
					<Add option="-lpsapi" />
					<Add option="-lopengl32" />
					<Add option="-lglu32" />
					<Add option="-luser32" />
					<Add option="-lcomdlg32" />
					<Add option="-lgdi32" />
					<Add option="-lshell32" />
					<Add option="-lole32" />
					<Add option="-ladvapi32" />
					<Add option="-lws2_32" />
					<Add option="-lshlwapi" />
				</Linker>
			</Target>
			<Target title="ReleaseStatic">
				<Option output="cbbuild/bin/EagleStatic" prefix_auto="1" extension_auto="1" />
				<Option working_dir="cbbuild/bin" />
				<Option object_output="cbbuild/obj/Static/Release/" />
				<Option type="1" />
				<Option compiler="gcc" />
				<Compiler>
					<Add option="-O2" />
				</Compiler>
				<Linker>
					<Add option="-s" />
					<Add option="-static-libstdc++" />
					<Add option="-static-libgcc" />
					<Add option="-static" />
					<Add option="-lEagleA5Static" />
					<Add option="-lEagleStatic" />
					<Add option="-lallegro_monolith-static" />
					<Add option="-ljpeg" />
					<Add option="-ldumb" />
					<Add option="-lwebp" />
					<Add option="-lFLAC" />
					<Add option="-ltheora" />
					<Add option="-lvorbisfile" />
					<Add option="-lvorbis" />
					<Add option="-logg" />
					<Add option="-lphysfs" />
					<Add option="-lfreetype" />
					<Add option="-lpng16" />
					<Add option="-lzlibstatic" />
					<Add option="-ldsound" />
					<Add option="-lgdiplus" />
					<Add option="-luuid" />
					<Add option="-lkernel32" />
					<Add option="-lwinmm" />
					<Add option="-lpsapi" />
					<Add option="-lopengl32" />
					<Add option="-lglu32" />
					<Add option="-luser32" />
					<Add option="-lcomdlg32" />
					<Add option="-lgdi32" />
					<Add option="-lshell32" />
					<Add option="-lole32" />
					<Add option="-ladvapi32" />
					<Add option="-lws2_32" />
					<Add option="-lshlwapi" />
				</Linker>
			</Target>
		</Build>
		<Compiler>
			<Add option="-Wshadow" />
			<Add option="-Wextra" />
			<Add option="-Wall" />
			<Add option="-std=c++11" />
			<Add directory="include" />
			<Add directory="c:/usr64/include" />
		</Compiler>
		<Linker>
			<Add directory="c:/usr64/lib" />
		</Linker>
		<Unit filename="Krampus25/Artillery.cpp" />
		<Unit filename="Krampus25/Artillery.hpp" />
		<Unit filename="Krampus25/ArtilleryGame.cpp" />
		<Unit filename="Krampus25/ArtilleryGame.hpp" />
		<Unit filename="Krampus25/ArtilleryIntro.cpp" />
		<Unit filename="Krampus25/ArtilleryIntro.hpp" />
		<Unit filename="Krampus25/ArtilleryPlayer.cpp" />
		<Unit filename="Krampus25/ArtilleryPlayer.hpp" />
		<Unit filename="Krampus25/Games.cpp" />
		<Unit filename="Krampus25/Games.hpp" />
		<Unit filename="Krampus25/KObject.cpp" />
		<Unit filename="Krampus25/KObject.hpp" />
		<Unit filename="Krampus25/Krampus25.cpp" />
		<Unit filename="Krampus25/Projectile.cpp" />
		<Unit filename="Krampus25/Projectile.hpp" />
		<Unit filename="Krampus25/RNG.cpp" />
		<Unit filename="Krampus25/RNG.hpp" />
		<Unit filename="Krampus25/Scene.hpp" />
		<Unit filename="Krampus25/Terrain.cpp" />
		<Unit filename="Krampus25/Terrain.hpp" />
		<Unit filename="Krampus25/Turret.cpp" />
		<Unit filename="Krampus25/Turret.hpp" />
		<Extensions />
	</Project>
</CodeBlocks_project_file>
